
Microsoft Visual Studio Solution File, Format Version 12.00
# Visual Studio Express 15 for Windows Desktop
VisualStudioVersion = 15.0.28307.1321
MinimumVisualStudioVersion = 10.0.40219.1
Project("{FAE04EC0-301F-11D3-BF4B-00C04F79EFBC}") = "agent", "agent\agent.csproj", "{5D548195-8105-4AAD-9682-BE140258C4B1}"
EndProject
Global
	GlobalSection(SolutionConfigurationPlatforms) = preSolution
		Debug|Any CPU = Debug|Any CPU
		Release|Any CPU = Release|Any CPU
	EndGlobalSection
	GlobalSection(ProjectConfigurationPlatforms) = postSolution
		{5D548195-8105-4AAD-9682-BE140258C4B1}.Debug|Any CPU.ActiveCfg = Debug|Any CPU
		{5D548195-8105-4AAD-9682-BE140258C4B1}.Debug|Any CPU.Build.0 = Debug|Any CPU
		{5D548195-8105-4AAD-9682-BE140258C4B1}.Release|Any CPU.ActiveCfg = Release|Any CPU
		{5D548195-8105-4AAD-9682-BE140258C4B1}.Release|Any CPU.Build.0 = Release|Any CPU
	EndGlobalSection
	GlobalSection(SolutionProperties) = preSolution
		HideSolutionNode = FALSE
	EndGlobalSection
	GlobalSection(ExtensibilityGlobals) = postSolution
		SolutionGuid = {FC9E7E7A-A71B-4FDE-9A81-CA0AEF264D8A}
	EndGlobalSection
EndGlobal
